
Microsoft Visual Studio Solution File, Format Version 12.00
# Visual Studio Version 16
VisualStudioVersion = 16.0.30804.86
MinimumVisualStudioVersion = 10.0.40219.1
Project("{9A19103F-16F7-4668-BE54-9A1E7A4F7556}") = "MusicPlayer.PulseAudio.Base", "MusicPlayer.PulseAudio.Base\MusicPlayer.PulseAudio.Base.csproj", "{FD0B79F7-BCAE-4DC7-94AA-022D0BB8347E}"
EndProject
Project("{9A19103F-16F7-4668-BE54-9A1E7A4F7556}") = "MusicPlayer.WPF.PulseAudio", "MusicPlayer.WPF.PulseAudio\MusicPlayer.WPF.PulseAudio.csproj", "{BE4B9953-F643-42A2-9781-22E04370C928}"
EndProject
Project("{9A19103F-16F7-4668-BE54-9A1E7A4F7556}") = "MusicPlayer.PulseAudio.Tracks", "MusicPlayer.PulseAudio.Tracks\MusicPlayer.PulseAudio.Tracks.csproj", "{4B716425-03C8-4044-85D5-9B1D18A5FABA}"
EndProject
Project("{9A19103F-16F7-4668-BE54-9A1E7A4F7556}") = "MusicPlayer.Core", "MusicPlayer.Core\MusicPlayer.Core.csproj", "{B36ACA94-10DC-45FB-85FB-4E260DCF4AB2}"
EndProject
Project("{FAE04EC0-301F-11D3-BF4B-00C04F79EFBC}") = "MusicPlayer.WPF", "MusicPlayer.WPF\MusicPlayer.WPF.csproj", "{B01AC073-D059-423F-AF33-F03D1A869977}"
EndProject
Global
	GlobalSection(SolutionConfigurationPlatforms) = preSolution
		Debug|Any CPU = Debug|Any CPU
		Debug|iPhone = Debug|iPhone
		Debug|iPhoneSimulator = Debug|iPhoneSimulator
		Debug|x64 = Debug|x64
		Debug|x86 = Debug|x86
		Release|Any CPU = Release|Any CPU
		Release|iPhone = Release|iPhone
		Release|iPhoneSimulator = Release|iPhoneSimulator
		Release|x64 = Release|x64
		Release|x86 = Release|x86
	EndGlobalSection
	GlobalSection(ProjectConfigurationPlatforms) = postSolution
		{FD0B79F7-BCAE-4DC7-94AA-022D0BB8347E}.Debug|Any CPU.ActiveCfg = Debug|Any CPU
		{FD0B79F7-BCAE-4DC7-94AA-022D0BB8347E}.Debug|Any CPU.Build.0 = Debug|Any CPU
		{FD0B79F7-BCAE-4DC7-94AA-022D0BB8347E}.Debug|iPhone.ActiveCfg = Debug|Any CPU
		{FD0B79F7-BCAE-4DC7-94AA-022D0BB8347E}.Debug|iPhone.Build.0 = Debug|Any CPU
		{FD0B79F7-BCAE-4DC7-94AA-022D0BB8347E}.Debug|iPhoneSimulator.ActiveCfg = Debug|Any CPU
		{FD0B79F7-BCAE-4DC7-94AA-022D0BB8347E}.Debug|iPhoneSimulator.Build.0 = Debug|Any CPU
		{FD0B79F7-BCAE-4DC7-94AA-022D0BB8347E}.Debug|x64.ActiveCfg = Debug|Any CPU
		{FD0B79F7-BCAE-4DC7-94AA-022D0BB8347E}.Debug|x64.Build.0 = Debug|Any CPU
		{FD0B79F7-BCAE-4DC7-94AA-022D0BB8347E}.Debug|x86.ActiveCfg = Debug|Any CPU
		{FD0B79F7-BCAE-4DC7-94AA-022D0BB8347E}.Debug|x86.Build.0 = Debug|Any CPU
		{FD0B79F7-BCAE-4DC7-94AA-022D0BB8347E}.Release|Any CPU.ActiveCfg = Release|Any CPU
		{FD0B79F7-BCAE-4DC7-94AA-022D0BB8347E}.Release|Any CPU.Build.0 = Release|Any CPU
		{FD0B79F7-BCAE-4DC7-94AA-022D0BB8347E}.Release|iPhone.ActiveCfg = Release|Any CPU
		{FD0B79F7-BCAE-4DC7-94AA-022D0BB8347E}.Release|iPhone.Build.0 = Release|Any CPU
		{FD0B79F7-BCAE-4DC7-94AA-022D0BB8347E}.Release|iPhoneSimulator.ActiveCfg = Release|Any CPU
		{FD0B79F7-BCAE-4DC7-94AA-022D0BB8347E}.Release|iPhoneSimulator.Build.0 = Release|Any CPU
		{FD0B79F7-BCAE-4DC7-94AA-022D0BB8347E}.Release|x64.ActiveCfg = Release|Any CPU
		{FD0B79F7-BCAE-4DC7-94AA-022D0BB8347E}.Release|x64.Build.0 = Release|Any CPU
		{FD0B79F7-BCAE-4DC7-94AA-022D0BB8347E}.Release|x86.ActiveCfg = Release|Any CPU
		{FD0B79F7-BCAE-4DC7-94AA-022D0BB8347E}.Release|x86.Build.0 = Release|Any CPU
		{BE4B9953-F643-42A2-9781-22E04370C928}.Debug|Any CPU.ActiveCfg = Debug|Any CPU
		{BE4B9953-F643-42A2-9781-22E04370C928}.Debug|Any CPU.Build.0 = Debug|Any CPU
		{BE4B9953-F643-42A2-9781-22E04370C928}.Debug|iPhone.ActiveCfg = Debug|Any CPU
		{BE4B9953-F643-42A2-9781-22E04370C928}.Debug|iPhone.Build.0 = Debug|Any CPU
		{BE4B9953-F643-42A2-9781-22E04370C928}.Debug|iPhoneSimulator.ActiveCfg = Debug|Any CPU
		{BE4B9953-F643-42A2-9781-22E04370C928}.Debug|iPhoneSimulator.Build.0 = Debug|Any CPU
		{BE4B9953-F643-42A2-9781-22E04370C928}.Debug|x64.ActiveCfg = Debug|Any CPU
		{BE4B9953-F643-42A2-9781-22E04370C928}.Debug|x64.Build.0 = Debug|Any CPU
		{BE4B9953-F643-42A2-9781-22E04370C928}.Debug|x86.ActiveCfg = Debug|Any CPU
		{BE4B9953-F643-42A2-9781-22E04370C928}.Debug|x86.Build.0 = Debug|Any CPU
		{BE4B9953-F643-42A2-9781-22E04370C928}.Release|Any CPU.ActiveCfg = Release|Any CPU
		{BE4B9953-F643-42A2-9781-22E04370C928}.Release|Any CPU.Build.0 = Release|Any CPU
		{BE4B9953-F643-42A2-9781-22E04370C928}.Release|iPhone.ActiveCfg = Release|Any CPU
		{BE4B9953-F643-42A2-9781-22E04370C928}.Release|iPhone.Build.0 = Release|Any CPU
		{BE4B9953-F643-42A2-9781-22E04370C928}.Release|iPhoneSimulator.ActiveCfg = Release|Any CPU
		{BE4B9953-F643-42A2-9781-22E04370C928}.Release|iPhoneSimulator.Build.0 = Release|Any CPU
		{BE4B9953-F643-42A2-9781-22E04370C928}.Release|x64.ActiveCfg = Release|Any CPU
		{BE4B9953-F643-42A2-9781-22E04370C928}.Release|x64.Build.0 = Release|Any CPU
		{BE4B9953-F643-42A2-9781-22E04370C928}.Release|x86.ActiveCfg = Release|Any CPU
		{BE4B9953-F643-42A2-9781-22E04370C928}.Release|x86.Build.0 = Release|Any CPU
		{4B716425-03C8-4044-85D5-9B1D18A5FABA}.Debug|Any CPU.ActiveCfg = Debug|Any CPU
		{4B716425-03C8-4044-85D5-9B1D18A5FABA}.Debug|Any CPU.Build.0 = Debug|Any CPU
		{4B716425-03C8-4044-85D5-9B1D18A5FABA}.Debug|iPhone.ActiveCfg = Debug|Any CPU
		{4B716425-03C8-4044-85D5-9B1D18A5FABA}.Debug|iPhone.Build.0 = Debug|Any CPU
		{4B716425-03C8-4044-85D5-9B1D18A5FABA}.Debug|iPhoneSimulator.ActiveCfg = Debug|Any CPU
		{4B716425-03C8-4044-85D5-9B1D18A5FABA}.Debug|iPhoneSimulator.Build.0 = Debug|Any CPU
		{4B716425-03C8-4044-85D5-9B1D18A5FABA}.Debug|x64.ActiveCfg = Debug|Any CPU
		{4B716425-03C8-4044-85D5-9B1D18A5FABA}.Debug|x64.Build.0 = Debug|Any CPU
		{4B716425-03C8-4044-85D5-9B1D18A5FABA}.Debug|x86.ActiveCfg = Debug|Any CPU
		{4B716425-03C8-4044-85D5-9B1D18A5FABA}.Debug|x86.Build.0 = Debug|Any CPU
		{4B716425-03C8-4044-85D5-9B1D18A5FABA}.Release|Any CPU.ActiveCfg = Release|Any CPU
		{4B716425-03C8-4044-85D5-9B1D18A5FABA}.Release|Any CPU.Build.0 = Release|Any CPU
		{4B716425-03C8-4044-85D5-9B1D18A5FABA}.Release|iPhone.ActiveCfg = Release|Any CPU
		{4B716425-03C8-4044-85D5-9B1D18A5FABA}.Release|iPhone.Build.0 = Release|Any CPU
		{4B716425-03C8-4044-85D5-9B1D18A5FABA}.Release|iPhoneSimulator.ActiveCfg = Release|Any CPU
		{4B716425-03C8-4044-85D5-9B1D18A5FABA}.Release|iPhoneSimulator.Build.0 = Release|Any CPU
		{4B716425-03C8-4044-85D5-9B1D18A5FABA}.Release|x64.ActiveCfg = Release|Any CPU
		{4B716425-03C8-4044-85D5-9B1D18A5FABA}.Release|x64.Build.0 = Release|Any CPU
		{4B716425-03C8-4044-85D5-9B1D18A5FABA}.Release|x86.ActiveCfg = Release|Any CPU
		{4B716425-03C8-4044-85D5-9B1D18A5FABA}.Release|x86.Build.0 = Release|Any CPU
		{B36ACA94-10DC-45FB-85FB-4E260DCF4AB2}.Debug|Any CPU.ActiveCfg = Debug|Any CPU
		{B36ACA94-10DC-45FB-85FB-4E260DCF4AB2}.Debug|Any CPU.Build.0 = Debug|Any CPU
		{B36ACA94-10DC-45FB-85FB-4E260DCF4AB2}.Debug|iPhone.ActiveCfg = Debug|Any CPU
		{B36ACA94-10DC-45FB-85FB-4E260DCF4AB2}.Debug|iPhone.Build.0 = Debug|Any CPU
		{B36ACA94-10DC-45FB-85FB-4E260DCF4AB2}.Debug|iPhoneSimulator.ActiveCfg = Debug|Any CPU
		{B36ACA94-10DC-45FB-85FB-4E260DCF4AB2}.Debug|iPhoneSimulator.Build.0 = Debug|Any CPU
		{B36ACA94-10DC-45FB-85FB-4E260DCF4AB2}.Debug|x64.ActiveCfg = Debug|Any CPU
		{B36ACA94-10DC-45FB-85FB-4E260DCF4AB2}.Debug|x64.Build.0 = Debug|Any CPU
		{B36ACA94-10DC-45FB-85FB-4E260DCF4AB2}.Debug|x86.ActiveCfg = Debug|Any CPU
		{B36ACA94-10DC-45FB-85FB-4E260DCF4AB2}.Debug|x86.Build.0 = Debug|Any CPU
		{B36ACA94-10DC-45FB-85FB-4E260DCF4AB2}.Release|Any CPU.ActiveCfg = Release|Any CPU
		{B36ACA94-10DC-45FB-85FB-4E260DCF4AB2}.Release|Any CPU.Build.0 = Release|Any CPU
		{B36ACA94-10DC-45FB-85FB-4E260DCF4AB2}.Release|iPhone.ActiveCfg = Release|Any CPU
		{B36ACA94-10DC-45FB-85FB-4E260DCF4AB2}.Release|iPhone.Build.0 = Release|Any CPU
		{B36ACA94-10DC-45FB-85FB-4E260DCF4AB2}.Release|iPhoneSimulator.ActiveCfg = Release|Any CPU
		{B36ACA94-10DC-45FB-85FB-4E260DCF4AB2}.Release|iPhoneSimulator.Build.0 = Release|Any CPU
		{B36ACA94-10DC-45FB-85FB-4E260DCF4AB2}.Release|x64.ActiveCfg = Release|Any CPU
		{B36ACA94-10DC-45FB-85FB-4E260DCF4AB2}.Release|x64.Build.0 = Release|Any CPU
		{B36ACA94-10DC-45FB-85FB-4E260DCF4AB2}.Release|x86.ActiveCfg = Release|Any CPU
		{B36ACA94-10DC-45FB-85FB-4E260DCF4AB2}.Release|x86.Build.0 = Release|Any CPU
		{B01AC073-D059-423F-AF33-F03D1A869977}.Debug|Any CPU.ActiveCfg = Debug|Any CPU
		{B01AC073-D059-423F-AF33-F03D1A869977}.Debug|Any CPU.Build.0 = Debug|Any CPU
		{B01AC073-D059-423F-AF33-F03D1A869977}.Debug|iPhone.ActiveCfg = Debug|Any CPU
		{B01AC073-D059-423F-AF33-F03D1A869977}.Debug|iPhone.Build.0 = Debug|Any CPU
		{B01AC073-D059-423F-AF33-F03D1A869977}.Debug|iPhoneSimulator.ActiveCfg = Debug|Any CPU
		{B01AC073-D059-423F-AF33-F03D1A869977}.Debug|iPhoneSimulator.Build.0 = Debug|Any CPU
		{B01AC073-D059-423F-AF33-F03D1A869977}.Debug|x64.ActiveCfg = Debug|Any CPU
		{B01AC073-D059-423F-AF33-F03D1A869977}.Debug|x64.Build.0 = Debug|Any CPU
		{B01AC073-D059-423F-AF33-F03D1A869977}.Debug|x86.ActiveCfg = Debug|Any CPU
		{B01AC073-D059-423F-AF33-F03D1A869977}.Debug|x86.Build.0 = Debug|Any CPU
		{B01AC073-D059-423F-AF33-F03D1A869977}.Release|Any CPU.ActiveCfg = Release|Any CPU
		{B01AC073-D059-423F-AF33-F03D1A869977}.Release|Any CPU.Build.0 = Release|Any CPU
		{B01AC073-D059-423F-AF33-F03D1A869977}.Release|iPhone.ActiveCfg = Release|Any CPU
		{B01AC073-D059-423F-AF33-F03D1A869977}.Release|iPhone.Build.0 = Release|Any CPU
		{B01AC073-D059-423F-AF33-F03D1A869977}.Release|iPhoneSimulator.ActiveCfg = Release|Any CPU
		{B01AC073-D059-423F-AF33-F03D1A869977}.Release|iPhoneSimulator.Build.0 = Release|Any CPU
		{B01AC073-D059-423F-AF33-F03D1A869977}.Release|x64.ActiveCfg = Release|Any CPU
		{B01AC073-D059-423F-AF33-F03D1A869977}.Release|x64.Build.0 = Release|Any CPU
		{B01AC073-D059-423F-AF33-F03D1A869977}.Release|x86.ActiveCfg = Release|Any CPU
		{B01AC073-D059-423F-AF33-F03D1A869977}.Release|x86.Build.0 = Release|Any CPU
	EndGlobalSection
	GlobalSection(SolutionProperties) = preSolution
		HideSolutionNode = FALSE
	EndGlobalSection
	GlobalSection(ExtensibilityGlobals) = postSolution
		SolutionGuid = {6EA0E0A8-6C99-44D1-8BA3-540A20C2163A}
	EndGlobalSection
EndGlobal
